
Microsoft Visual Studio Solution File, Format Version 12.00
# Visual Studio Version 17
VisualStudioVersion = 17.7.34221.43
MinimumVisualStudioVersion = 10.0.40219.1
Project("{FAE04EC0-301F-11D3-BF4B-00C04F79EFBC}") = "EvaluationCRAB", "EvaluationCRAB\EvaluationCRAB.csproj", "{C048F594-AC35-4303-81FD-44320000A141}"
EndProject
Global
	GlobalSection(SolutionConfigurationPlatforms) = preSolution
		Debug|Any CPU = Debug|Any CPU
		Release|Any CPU = Release|Any CPU
	EndGlobalSection
	GlobalSection(ProjectConfigurationPlatforms) = postSolution
		{C048F594-AC35-4303-81FD-44320000A141}.Debug|Any CPU.ActiveCfg = Debug|Any CPU
		{C048F594-AC35-4303-81FD-44320000A141}.Debug|Any CPU.Build.0 = Debug|Any CPU
		{C048F594-AC35-4303-81FD-44320000A141}.Release|Any CPU.ActiveCfg = Release|Any CPU
		{C048F594-AC35-4303-81FD-44320000A141}.Release|Any CPU.Build.0 = Release|Any CPU
	EndGlobalSection
	GlobalSection(SolutionProperties) = preSolution
		HideSolutionNode = FALSE
	EndGlobalSection
	GlobalSection(ExtensibilityGlobals) = postSolution
		SolutionGuid = {488345CF-4975-49C0-8C81-FD59E12A3CBC}
	EndGlobalSection
EndGlobal
